// !$*UTF8*$!
{
	archiveVersion = 1;
	classes = {
	};
	objectVersion = 77;
	objects = {

/* Begin PBXBuildFile section */
		894373C82CD5B86D007897D9 /* JustOneThingUI in Frameworks */ = {isa = PBXBuildFile; productRef = 894373C72CD5B86D007897D9 /* JustOneThingUI */; };
		894373CA2CD5B86E007897D9 /* JustOneThingUI in Embed Frameworks */ = {isa = PBXBuildFile; productRef = 894373C72CD5B86D007897D9 /* JustOneThingUI */; settings = {ATTRIBUTES = (CodeSignOnCopy, ); }; };
		894373CC2CD5B885007897D9 /* JustOneThingUI in Frameworks */ = {isa = PBXBuildFile; productRef = 894373CB2CD5B885007897D9 /* JustOneThingUI */; };
		894373CE2CD5B885007897D9 /* JustOneThingUI in Embed Frameworks */ = {isa = PBXBuildFile; productRef = 894373CB2CD5B885007897D9 /* JustOneThingUI */; settings = {ATTRIBUTES = (CodeSignOnCopy, ); }; };
		894373D02CD5B891007897D9 /* JustOneThingUI in Frameworks */ = {isa = PBXBuildFile; productRef = 894373CF2CD5B891007897D9 /* JustOneThingUI */; };
		894373D22CD5B891007897D9 /* JustOneThingUI in Embed Frameworks */ = {isa = PBXBuildFile; productRef = 894373CF2CD5B891007897D9 /* JustOneThingUI */; settings = {ATTRIBUTES = (CodeSignOnCopy, ); }; };
		89A721172CD07796008F6E52 /* WidgetKit.framework in Frameworks */ = {isa = PBXBuildFile; fileRef = 89A721162CD07795008F6E52 /* WidgetKit.framework */; };
		89A721192CD07796008F6E52 /* SwiftUI.framework in Frameworks */ = {isa = PBXBuildFile; fileRef = 89A721182CD07796008F6E52 /* SwiftUI.framework */; };
		89A721262CD07798008F6E52 /* JustOneThingWidgetExtension.appex in Embed Foundation Extensions */ = {isa = PBXBuildFile; fileRef = 89A721142CD07795008F6E52 /* JustOneThingWidgetExtension.appex */; settings = {ATTRIBUTES = (RemoveHeadersOnCopy, ); }; };
		89B2309E2CC9AD39009992B2 /* LinkDetector in Frameworks */ = {isa = PBXBuildFile; productRef = 89B2309D2CC9AD39009992B2 /* LinkDetector */; };
/* End PBXBuildFile section */

/* Begin PBXContainerItemProxy section */
		895536C62CCF914300C3288B /* PBXContainerItemProxy */ = {
			isa = PBXContainerItemProxy;
			containerPortal = 8968990C2CA3E61F005DFF98 /* Project object */;
			proxyType = 1;
			remoteGlobalIDString = 895536B52CCF914000C3288B;
			remoteInfo = "JustOneThingWatch Watch App";
		};
		895536D02CCF914300C3288B /* PBXContainerItemProxy */ = {
			isa = PBXContainerItemProxy;
			containerPortal = 8968990C2CA3E61F005DFF98 /* Project object */;
			proxyType = 1;
			remoteGlobalIDString = 895536B52CCF914000C3288B;
			remoteInfo = "JustOneThingWatch Watch App";
		};
		896899272CA3E620005DFF98 /* PBXContainerItemProxy */ = {
			isa = PBXContainerItemProxy;
			containerPortal = 8968990C2CA3E61F005DFF98 /* Project object */;
			proxyType = 1;
			remoteGlobalIDString = 896899132CA3E61F005DFF98;
			remoteInfo = JustOneThing;
		};
		896899312CA3E620005DFF98 /* PBXContainerItemProxy */ = {
			isa = PBXContainerItemProxy;
			containerPortal = 8968990C2CA3E61F005DFF98 /* Project object */;
			proxyType = 1;
			remoteGlobalIDString = 896899132CA3E61F005DFF98;
			remoteInfo = JustOneThing;
		};
		89A721242CD07798008F6E52 /* PBXContainerItemProxy */ = {
			isa = PBXContainerItemProxy;
			containerPortal = 8968990C2CA3E61F005DFF98 /* Project object */;
			proxyType = 1;
			remoteGlobalIDString = 89A721132CD07795008F6E52;
			remoteInfo = JustOneThingWidgetExtension;
		};
/* End PBXContainerItemProxy section */

/* Begin PBXCopyFilesBuildPhase section */
		894373C92CD5B86D007897D9 /* Embed Frameworks */ = {
			isa = PBXCopyFilesBuildPhase;
			buildActionMask = 2147483647;
			dstPath = "";
			dstSubfolderSpec = 10;
			files = (
				894373CA2CD5B86E007897D9 /* JustOneThingUI in Embed Frameworks */,
			);
			name = "Embed Frameworks";
			runOnlyForDeploymentPostprocessing = 0;
		};
		894373CD2CD5B885007897D9 /* Embed Frameworks */ = {
			isa = PBXCopyFilesBuildPhase;
			buildActionMask = 2147483647;
			dstPath = "";
			dstSubfolderSpec = 10;
			files = (
				894373CE2CD5B885007897D9 /* JustOneThingUI in Embed Frameworks */,
			);
			name = "Embed Frameworks";
			runOnlyForDeploymentPostprocessing = 0;
		};
		894373D12CD5B891007897D9 /* Embed Frameworks */ = {
			isa = PBXCopyFilesBuildPhase;
			buildActionMask = 2147483647;
			dstPath = "";
			dstSubfolderSpec = 10;
			files = (
				894373D22CD5B891007897D9 /* JustOneThingUI in Embed Frameworks */,
			);
			name = "Embed Frameworks";
			runOnlyForDeploymentPostprocessing = 0;
		};
		8980F1812CC0C188003A0872 /* Embed Watch Content */ = {
			isa = PBXCopyFilesBuildPhase;
			buildActionMask = 2147483647;
			dstPath = "$(CONTENTS_FOLDER_PATH)/Watch";
			dstSubfolderSpec = 16;
			files = (
			);
			name = "Embed Watch Content";
			runOnlyForDeploymentPostprocessing = 0;
		};
		8980F1A72CC0C1BC003A0872 /* Embed Foundation Extensions */ = {
			isa = PBXCopyFilesBuildPhase;
			buildActionMask = 2147483647;
			dstPath = "";
			dstSubfolderSpec = 13;
			files = (
				89A721262CD07798008F6E52 /* JustOneThingWidgetExtension.appex in Embed Foundation Extensions */,
			);
			name = "Embed Foundation Extensions";
			runOnlyForDeploymentPostprocessing = 0;
		};
		899A3B062CBF2655003685C6 /* Embed ExtensionKit Extensions */ = {
			isa = PBXCopyFilesBuildPhase;
			buildActionMask = 2147483647;
			dstPath = "$(EXTENSIONS_FOLDER_PATH)";
			dstSubfolderSpec = 16;
			files = (
			);
			name = "Embed ExtensionKit Extensions";
			runOnlyForDeploymentPostprocessing = 0;
		};
/* End PBXCopyFilesBuildPhase section */

/* Begin PBXFileReference section */
		8912662D2CD4B3EA00EA0280 /* JustOneThing.xcodeproj */ = {isa = PBXFileReference; lastKnownFileType = "wrapper.pb-project"; name = JustOneThing.xcodeproj; path = JustOneThing/Resources/JustOneThing.xcodeproj; sourceTree = SOURCE_ROOT; };
		894370482CD4C42B007897D9 /* JustOneThing.xcodeproj */ = {isa = PBXFileReference; lastKnownFileType = "wrapper.pb-project"; path = JustOneThing.xcodeproj; sourceTree = "<group>"; };
		894373C62CD5B6A0007897D9 /* JustOneThingUI */ = {isa = PBXFileReference; lastKnownFileType = wrapper; path = JustOneThingUI; sourceTree = "<group>"; };
		895536B62CCF914000C3288B /* JustOneThingWatch Watch App.app */ = {isa = PBXFileReference; explicitFileType = wrapper.application; includeInIndex = 0; path = "JustOneThingWatch Watch App.app"; sourceTree = BUILT_PRODUCTS_DIR; };
		895536C52CCF914300C3288B /* JustOneThingWatch Watch AppTests.xctest */ = {isa = PBXFileReference; explicitFileType = wrapper.cfbundle; includeInIndex = 0; path = "JustOneThingWatch Watch AppTests.xctest"; sourceTree = BUILT_PRODUCTS_DIR; };
		895536CF2CCF914300C3288B /* JustOneThingWatch Watch AppUITests.xctest */ = {isa = PBXFileReference; explicitFileType = wrapper.cfbundle; includeInIndex = 0; path = "JustOneThingWatch Watch AppUITests.xctest"; sourceTree = BUILT_PRODUCTS_DIR; };
		896899142CA3E61F005DFF98 /* JustOneThing.app */ = {isa = PBXFileReference; explicitFileType = wrapper.application; includeInIndex = 0; path = JustOneThing.app; sourceTree = BUILT_PRODUCTS_DIR; };
		896899262CA3E620005DFF98 /* JustOneThingTests.xctest */ = {isa = PBXFileReference; explicitFileType = wrapper.cfbundle; includeInIndex = 0; path = JustOneThingTests.xctest; sourceTree = BUILT_PRODUCTS_DIR; };
		896899302CA3E620005DFF98 /* JustOneThingUITests.xctest */ = {isa = PBXFileReference; explicitFileType = wrapper.cfbundle; includeInIndex = 0; path = JustOneThingUITests.xctest; sourceTree = BUILT_PRODUCTS_DIR; };
		89A721142CD07795008F6E52 /* JustOneThingWidgetExtension.appex */ = {isa = PBXFileReference; explicitFileType = "wrapper.app-extension"; includeInIndex = 0; path = JustOneThingWidgetExtension.appex; sourceTree = BUILT_PRODUCTS_DIR; };
		89A721162CD07795008F6E52 /* WidgetKit.framework */ = {isa = PBXFileReference; lastKnownFileType = wrapper.framework; name = WidgetKit.framework; path = System/Library/Frameworks/WidgetKit.framework; sourceTree = SDKROOT; };
		89A721182CD07796008F6E52 /* SwiftUI.framework */ = {isa = PBXFileReference; lastKnownFileType = wrapper.framework; name = SwiftUI.framework; path = System/Library/Frameworks/SwiftUI.framework; sourceTree = SDKROOT; };
/* End PBXFileReference section */

/* Begin PBXFileSystemSynchronizedBuildFileExceptionSet section */
		891266522CD4BF1F00EA0280 /* Exceptions for "JustOneThingTests" folder in "JustOneThingTests" target */ = {
			isa = PBXFileSystemSynchronizedBuildFileExceptionSet;
			membershipExceptions = (
				JustOneThingTests.swift,
			);
			target = 896899252CA3E620005DFF98 /* JustOneThingTests */;
		};
		8941E2262CD3734000D5F996 /* Exceptions for "JustOneThing" folder in "JustOneThingWidgetExtension" target */ = {
			isa = PBXFileSystemSynchronizedBuildFileExceptionSet;
			membershipExceptions = (
				AppIntents/TodoItemIntentResultView.swift,
				AppIntents/TodoItemIntents.swift,
				Managers/LoggingManager.swift,
				Managers/NotificationManager.swift,
				Managers/SettingsManager.swift,
				Managers/TodoManager.swift,
				Models/TaskDifficulty.swift,
				Models/TodoItem.swift,
				Utilities/C.swift,
			);
			target = 89A721132CD07795008F6E52 /* JustOneThingWidgetExtension */;
		};
		895536E32CCF91EE00C3288B /* Exceptions for "JustOneThing" folder in "JustOneThingWatch Watch App" target */ = {
			isa = PBXFileSystemSynchronizedBuildFileExceptionSet;
			membershipExceptions = (
				Managers/LoggingManager.swift,
				Managers/NotificationManager.swift,
				Managers/SettingsManager.swift,
				Managers/TodoManager.swift,
				Models/TaskDifficulty.swift,
				Models/TodoItem.swift,
				Utilities/C.swift,
				Utilities/PreviewDataProvider.swift,
			);
			target = 895536B52CCF914000C3288B /* JustOneThingWatch Watch App */;
		};
		895536E42CCF91EE00C3288B /* Exceptions for "JustOneThing" folder in "JustOneThingWatch Watch AppTests" target */ = {
			isa = PBXFileSystemSynchronizedBuildFileExceptionSet;
			membershipExceptions = (
				Models/TaskDifficulty.swift,
			);
			target = 895536C42CCF914300C3288B /* JustOneThingWatch Watch AppTests */;
		};
		8972B75A2CC35D44000C506C /* Exceptions for "JustOneThing" folder in "JustOneThing" target */ = {
			isa = PBXFileSystemSynchronizedBuildFileExceptionSet;
			membershipExceptions = (
				Resources/Info.plist,
			);
			target = 896899132CA3E61F005DFF98 /* JustOneThing */;
		};
		89A7212A2CD07798008F6E52 /* Exceptions for "JustOneThingWidget" folder in "JustOneThingWidgetExtension" target */ = {
			isa = PBXFileSystemSynchronizedBuildFileExceptionSet;
			membershipExceptions = (
				Info.plist,
			);
			target = 89A721132CD07795008F6E52 /* JustOneThingWidgetExtension */;
		};
/* End PBXFileSystemSynchronizedBuildFileExceptionSet section */

/* Begin PBXFileSystemSynchronizedRootGroup section */
		891266502CD4BF1F00EA0280 /* JustOneThingTests */ = {
			isa = PBXFileSystemSynchronizedRootGroup;
			exceptions = (
				891266522CD4BF1F00EA0280 /* Exceptions for "JustOneThingTests" folder in "JustOneThingTests" target */,
			);
			path = JustOneThingTests;
			sourceTree = "<group>";
		};
		895536B72CCF914100C3288B /* JustOneThingWatchApp */ = {
			isa = PBXFileSystemSynchronizedRootGroup;
			path = JustOneThingWatchApp;
			sourceTree = "<group>";
		};
		895536C82CCF914300C3288B /* JustOneThingWatchApp Tests */ = {
			isa = PBXFileSystemSynchronizedRootGroup;
			path = "JustOneThingWatchApp Tests";
			sourceTree = "<group>";
		};
		895536D22CCF914300C3288B /* JustOneThingWatchApp UITests */ = {
			isa = PBXFileSystemSynchronizedRootGroup;
			path = "JustOneThingWatchApp UITests";
			sourceTree = "<group>";
		};
		896899162CA3E61F005DFF98 /* JustOneThing */ = {
			isa = PBXFileSystemSynchronizedRootGroup;
			exceptions = (
				8972B75A2CC35D44000C506C /* Exceptions for "JustOneThing" folder in "JustOneThing" target */,
				895536E32CCF91EE00C3288B /* Exceptions for "JustOneThing" folder in "JustOneThingWatch Watch App" target */,
				895536E42CCF91EE00C3288B /* Exceptions for "JustOneThing" folder in "JustOneThingWatch Watch AppTests" target */,
				8941E2262CD3734000D5F996 /* Exceptions for "JustOneThing" folder in "JustOneThingWidgetExtension" target */,
			);
			path = JustOneThing;
			sourceTree = "<group>";
		};
		896899332CA3E620005DFF98 /* JustOneThingUITests */ = {
			isa = PBXFileSystemSynchronizedRootGroup;
			path = JustOneThingUITests;
			sourceTree = "<group>";
		};
		89A7211A2CD07796008F6E52 /* JustOneThingWidget */ = {
			isa = PBXFileSystemSynchronizedRootGroup;
			exceptions = (
				89A7212A2CD07798008F6E52 /* Exceptions for "JustOneThingWidget" folder in "JustOneThingWidgetExtension" target */,
			);
			path = JustOneThingWidget;
			sourceTree = "<group>";
		};
/* End PBXFileSystemSynchronizedRootGroup section */

/* Begin PBXFrameworksBuildPhase section */
		895536B32CCF914000C3288B /* Frameworks */ = {
			isa = PBXFrameworksBuildPhase;
			buildActionMask = 2147483647;
			files = (
				894373CC2CD5B885007897D9 /* JustOneThingUI in Frameworks */,
			);
			runOnlyForDeploymentPostprocessing = 0;
		};
		895536C22CCF914300C3288B /* Frameworks */ = {
			isa = PBXFrameworksBuildPhase;
			buildActionMask = 2147483647;
			files = (
			);
			runOnlyForDeploymentPostprocessing = 0;
		};
		895536CC2CCF914300C3288B /* Frameworks */ = {
			isa = PBXFrameworksBuildPhase;
			buildActionMask = 2147483647;
			files = (
			);
			runOnlyForDeploymentPostprocessing = 0;
		};
		896899112CA3E61F005DFF98 /* Frameworks */ = {
			isa = PBXFrameworksBuildPhase;
			buildActionMask = 2147483647;
			files = (
				894373C82CD5B86D007897D9 /* JustOneThingUI in Frameworks */,
				89B2309E2CC9AD39009992B2 /* LinkDetector in Frameworks */,
			);
			runOnlyForDeploymentPostprocessing = 0;
		};
		896899232CA3E620005DFF98 /* Frameworks */ = {
			isa = PBXFrameworksBuildPhase;
			buildActionMask = 2147483647;
			files = (
			);
			runOnlyForDeploymentPostprocessing = 0;
		};
		8968992D2CA3E620005DFF98 /* Frameworks */ = {
			isa = PBXFrameworksBuildPhase;
			buildActionMask = 2147483647;
			files = (
			);
			runOnlyForDeploymentPostprocessing = 0;
		};
		89A721112CD07795008F6E52 /* Frameworks */ = {
			isa = PBXFrameworksBuildPhase;
			buildActionMask = 2147483647;
			files = (
				89A721192CD07796008F6E52 /* SwiftUI.framework in Frameworks */,
				894373D02CD5B891007897D9 /* JustOneThingUI in Frameworks */,
				89A721172CD07796008F6E52 /* WidgetKit.framework in Frameworks */,
			);
			runOnlyForDeploymentPostprocessing = 0;
		};
/* End PBXFrameworksBuildPhase section */

/* Begin PBXGroup section */
		891266302CD4B3EA00EA0280 /* Products */ = {
			isa = PBXGroup;
			children = (
			);
			name = Products;
			sourceTree = "<group>";
		};
		894370712CD4C42B007897D9 /* Products */ = {
			isa = PBXGroup;
			children = (
			);
			name = Products;
			sourceTree = "<group>";
		};
		8968990B2CA3E61F005DFF98 = {
			isa = PBXGroup;
			children = (
				894373C62CD5B6A0007897D9 /* JustOneThingUI */,
				896899162CA3E61F005DFF98 /* JustOneThing */,
				895536B72CCF914100C3288B /* JustOneThingWatchApp */,
				89A7211A2CD07796008F6E52 /* JustOneThingWidget */,
				89A721152CD07795008F6E52 /* Frameworks */,
				896899152CA3E61F005DFF98 /* Products */,
				896899332CA3E620005DFF98 /* JustOneThingUITests */,
				891266502CD4BF1F00EA0280 /* JustOneThingTests */,
				895536C82CCF914300C3288B /* JustOneThingWatchApp Tests */,
				895536D22CCF914300C3288B /* JustOneThingWatchApp UITests */,
			);
			sourceTree = "<group>";
		};
		896899152CA3E61F005DFF98 /* Products */ = {
			isa = PBXGroup;
			children = (
				896899142CA3E61F005DFF98 /* JustOneThing.app */,
				896899262CA3E620005DFF98 /* JustOneThingTests.xctest */,
				896899302CA3E620005DFF98 /* JustOneThingUITests.xctest */,
				895536B62CCF914000C3288B /* JustOneThingWatch Watch App.app */,
				895536C52CCF914300C3288B /* JustOneThingWatch Watch AppTests.xctest */,
				895536CF2CCF914300C3288B /* JustOneThingWatch Watch AppUITests.xctest */,
				89A721142CD07795008F6E52 /* JustOneThingWidgetExtension.appex */,
			);
			name = Products;
			sourceTree = "<group>";
		};
		89A721152CD07795008F6E52 /* Frameworks */ = {
			isa = PBXGroup;
			children = (
				89A721162CD07795008F6E52 /* WidgetKit.framework */,
				89A721182CD07796008F6E52 /* SwiftUI.framework */,
			);
			name = Frameworks;
			sourceTree = "<group>";
		};
/* End PBXGroup section */

/* Begin PBXNativeTarget section */
		895536B52CCF914000C3288B /* JustOneThingWatch Watch App */ = {
			isa = PBXNativeTarget;
			buildConfigurationList = 895536D72CCF914300C3288B /* Build configuration list for PBXNativeTarget "JustOneThingWatch Watch App" */;
			buildPhases = (
				895536B22CCF914000C3288B /* Sources */,
				895536B32CCF914000C3288B /* Frameworks */,
				895536B42CCF914000C3288B /* Resources */,
				894373CD2CD5B885007897D9 /* Embed Frameworks */,
			);
			buildRules = (
			);
			dependencies = (
			);
			fileSystemSynchronizedGroups = (
				895536B72CCF914100C3288B /* JustOneThingWatchApp */,
			);
			name = "JustOneThingWatch Watch App";
			packageProductDependencies = (
				894373CB2CD5B885007897D9 /* JustOneThingUI */,
			);
			productName = "JustOneThingWatch Watch App";
			productReference = 895536B62CCF914000C3288B /* JustOneThingWatch Watch App.app */;
			productType = "com.apple.product-type.application";
		};
		895536C42CCF914300C3288B /* JustOneThingWatch Watch AppTests */ = {
			isa = PBXNativeTarget;
			buildConfigurationList = 895536DA2CCF914300C3288B /* Build configuration list for PBXNativeTarget "JustOneThingWatch Watch AppTests" */;
			buildPhases = (
				895536C12CCF914300C3288B /* Sources */,
				895536C22CCF914300C3288B /* Frameworks */,
				895536C32CCF914300C3288B /* Resources */,
			);
			buildRules = (
			);
			dependencies = (
				895536C72CCF914300C3288B /* PBXTargetDependency */,
			);
			fileSystemSynchronizedGroups = (
				895536C82CCF914300C3288B /* JustOneThingWatchApp Tests */,
			);
			name = "JustOneThingWatch Watch AppTests";
			packageProductDependencies = (
			);
			productName = "JustOneThingWatch Watch AppTests";
			productReference = 895536C52CCF914300C3288B /* JustOneThingWatch Watch AppTests.xctest */;
			productType = "com.apple.product-type.bundle.unit-test";
		};
		895536CE2CCF914300C3288B /* JustOneThingWatch Watch AppUITests */ = {
			isa = PBXNativeTarget;
			buildConfigurationList = 895536DD2CCF914300C3288B /* Build configuration list for PBXNativeTarget "JustOneThingWatch Watch AppUITests" */;
			buildPhases = (
				895536CB2CCF914300C3288B /* Sources */,
				895536CC2CCF914300C3288B /* Frameworks */,
				895536CD2CCF914300C3288B /* Resources */,
			);
			buildRules = (
			);
			dependencies = (
				895536D12CCF914300C3288B /* PBXTargetDependency */,
			);
			fileSystemSynchronizedGroups = (
				895536D22CCF914300C3288B /* JustOneThingWatchApp UITests */,
			);
			name = "JustOneThingWatch Watch AppUITests";
			packageProductDependencies = (
			);
			productName = "JustOneThingWatch Watch AppUITests";
			productReference = 895536CF2CCF914300C3288B /* JustOneThingWatch Watch AppUITests.xctest */;
			productType = "com.apple.product-type.bundle.ui-testing";
		};
		896899132CA3E61F005DFF98 /* JustOneThing */ = {
			isa = PBXNativeTarget;
			buildConfigurationList = 8968993A2CA3E620005DFF98 /* Build configuration list for PBXNativeTarget "JustOneThing" */;
			buildPhases = (
				896899102CA3E61F005DFF98 /* Sources */,
				896899112CA3E61F005DFF98 /* Frameworks */,
				896899122CA3E61F005DFF98 /* Resources */,
				899A3B062CBF2655003685C6 /* Embed ExtensionKit Extensions */,
				8980F1812CC0C188003A0872 /* Embed Watch Content */,
				8980F1A72CC0C1BC003A0872 /* Embed Foundation Extensions */,
				894373C92CD5B86D007897D9 /* Embed Frameworks */,
			);
			buildRules = (
			);
			dependencies = (
				89A721252CD07798008F6E52 /* PBXTargetDependency */,
			);
			fileSystemSynchronizedGroups = (
				896899162CA3E61F005DFF98 /* JustOneThing */,
			);
			name = JustOneThing;
			packageProductDependencies = (
				89B2309D2CC9AD39009992B2 /* LinkDetector */,
				894373C72CD5B86D007897D9 /* JustOneThingUI */,
			);
			productName = JustOneThing;
			productReference = 896899142CA3E61F005DFF98 /* JustOneThing.app */;
			productType = "com.apple.product-type.application";
		};
		896899252CA3E620005DFF98 /* JustOneThingTests */ = {
			isa = PBXNativeTarget;
			buildConfigurationList = 8968993D2CA3E620005DFF98 /* Build configuration list for PBXNativeTarget "JustOneThingTests" */;
			buildPhases = (
				896899222CA3E620005DFF98 /* Sources */,
				896899232CA3E620005DFF98 /* Frameworks */,
				896899242CA3E620005DFF98 /* Resources */,
			);
			buildRules = (
			);
			dependencies = (
				896899282CA3E620005DFF98 /* PBXTargetDependency */,
			);
			name = JustOneThingTests;
			packageProductDependencies = (
			);
			productName = JustOneThingTests;
			productReference = 896899262CA3E620005DFF98 /* JustOneThingTests.xctest */;
			productType = "com.apple.product-type.bundle.unit-test";
		};
		8968992F2CA3E620005DFF98 /* JustOneThingUITests */ = {
			isa = PBXNativeTarget;
			buildConfigurationList = 896899402CA3E620005DFF98 /* Build configuration list for PBXNativeTarget "JustOneThingUITests" */;
			buildPhases = (
				8968992C2CA3E620005DFF98 /* Sources */,
				8968992D2CA3E620005DFF98 /* Frameworks */,
				8968992E2CA3E620005DFF98 /* Resources */,
			);
			buildRules = (
			);
			dependencies = (
				896899322CA3E620005DFF98 /* PBXTargetDependency */,
			);
			fileSystemSynchronizedGroups = (
				891266502CD4BF1F00EA0280 /* JustOneThingTests */,
				896899332CA3E620005DFF98 /* JustOneThingUITests */,
			);
			name = JustOneThingUITests;
			packageProductDependencies = (
			);
			productName = JustOneThingUITests;
			productReference = 896899302CA3E620005DFF98 /* JustOneThingUITests.xctest */;
			productType = "com.apple.product-type.bundle.ui-testing";
		};
		89A721132CD07795008F6E52 /* JustOneThingWidgetExtension */ = {
			isa = PBXNativeTarget;
			buildConfigurationList = 89A721292CD07798008F6E52 /* Build configuration list for PBXNativeTarget "JustOneThingWidgetExtension" */;
			buildPhases = (
				89A721102CD07795008F6E52 /* Sources */,
				89A721112CD07795008F6E52 /* Frameworks */,
				89A721122CD07795008F6E52 /* Resources */,
				894373D12CD5B891007897D9 /* Embed Frameworks */,
			);
			buildRules = (
			);
			dependencies = (
			);
			fileSystemSynchronizedGroups = (
				89A7211A2CD07796008F6E52 /* JustOneThingWidget */,
			);
			name = JustOneThingWidgetExtension;
			packageProductDependencies = (
				894373CF2CD5B891007897D9 /* JustOneThingUI */,
			);
			productName = JustOneThingWidgetExtension;
			productReference = 89A721142CD07795008F6E52 /* JustOneThingWidgetExtension.appex */;
			productType = "com.apple.product-type.app-extension";
		};
/* End PBXNativeTarget section */

/* Begin PBXProject section */
		8968990C2CA3E61F005DFF98 /* Project object */ = {
			isa = PBXProject;
			attributes = {
				BuildIndependentTargetsInParallel = 1;
				LastSwiftUpdateCheck = 1620;
				LastUpgradeCheck = 1600;
				TargetAttributes = {
					895536B52CCF914000C3288B = {
						CreatedOnToolsVersion = 16.0;
					};
					895536C42CCF914300C3288B = {
						CreatedOnToolsVersion = 16.0;
						TestTargetID = 895536B52CCF914000C3288B;
					};
					895536CE2CCF914300C3288B = {
						CreatedOnToolsVersion = 16.0;
						TestTargetID = 895536B52CCF914000C3288B;
					};
					896899132CA3E61F005DFF98 = {
						CreatedOnToolsVersion = 16.0;
					};
					896899252CA3E620005DFF98 = {
						CreatedOnToolsVersion = 16.0;
						TestTargetID = 896899132CA3E61F005DFF98;
					};
					8968992F2CA3E620005DFF98 = {
						CreatedOnToolsVersion = 16.0;
						TestTargetID = 896899132CA3E61F005DFF98;
					};
					89A721132CD07795008F6E52 = {
						CreatedOnToolsVersion = 16.2;
					};
				};
			};
			buildConfigurationList = 8968990F2CA3E61F005DFF98 /* Build configuration list for PBXProject "JustOneThing" */;
			developmentRegion = en;
			hasScannedForEncodings = 0;
			knownRegions = (
				en,
				Base,
			);
			mainGroup = 8968990B2CA3E61F005DFF98;
			minimizedProjectReferenceProxies = 1;
			packageReferences = (
				89B2309C2CC9AD38009992B2 /* XCRemoteSwiftPackageReference "LinkDetector" */,
			);
			preferredProjectObjectVersion = 77;
			productRefGroup = 896899152CA3E61F005DFF98 /* Products */;
			projectDirPath = "";
			projectReferences = (
				{
					ProductGroup = 891266302CD4B3EA00EA0280 /* Products */;
					ProjectRef = 8912662D2CD4B3EA00EA0280 /* JustOneThing.xcodeproj */;
				},
				{
					ProductGroup = 894370712CD4C42B007897D9 /* Products */;
					ProjectRef = 894370482CD4C42B007897D9 /* JustOneThing.xcodeproj */;
				},
			);
			projectRoot = "";
			targets = (
				896899132CA3E61F005DFF98 /* JustOneThing */,
				896899252CA3E620005DFF98 /* JustOneThingTests */,
				8968992F2CA3E620005DFF98 /* JustOneThingUITests */,
				895536B52CCF914000C3288B /* JustOneThingWatch Watch App */,
				895536C42CCF914300C3288B /* JustOneThingWatch Watch AppTests */,
				895536CE2CCF914300C3288B /* JustOneThingWatch Watch AppUITests */,
				89A721132CD07795008F6E52 /* JustOneThingWidgetExtension */,
			);
		};
/* End PBXProject section */

/* Begin PBXResourcesBuildPhase section */
		895536B42CCF914000C3288B /* Resources */ = {
			isa = PBXResourcesBuildPhase;
			buildActionMask = 2147483647;
			files = (
			);
			runOnlyForDeploymentPostprocessing = 0;
		};
		895536C32CCF914300C3288B /* Resources */ = {
			isa = PBXResourcesBuildPhase;
			buildActionMask = 2147483647;
			files = (
			);
			runOnlyForDeploymentPostprocessing = 0;
		};
		895536CD2CCF914300C3288B /* Resources */ = {
			isa = PBXResourcesBuildPhase;
			buildActionMask = 2147483647;
			files = (
			);
			runOnlyForDeploymentPostprocessing = 0;
		};
		896899122CA3E61F005DFF98 /* Resources */ = {
			isa = PBXResourcesBuildPhase;
			buildActionMask = 2147483647;
			files = (
			);
			runOnlyForDeploymentPostprocessing = 0;
		};
		896899242CA3E620005DFF98 /* Resources */ = {
			isa = PBXResourcesBuildPhase;
			buildActionMask = 2147483647;
			files = (
			);
			runOnlyForDeploymentPostprocessing = 0;
		};
		8968992E2CA3E620005DFF98 /* Resources */ = {
			isa = PBXResourcesBuildPhase;
			buildActionMask = 2147483647;
			files = (
			);
			runOnlyForDeploymentPostprocessing = 0;
		};
		89A721122CD07795008F6E52 /* Resources */ = {
			isa = PBXResourcesBuildPhase;
			buildActionMask = 2147483647;
			files = (
			);
			runOnlyForDeploymentPostprocessing = 0;
		};
/* End PBXResourcesBuildPhase section */

/* Begin PBXSourcesBuildPhase section */
		895536B22CCF914000C3288B /* Sources */ = {
			isa = PBXSourcesBuildPhase;
			buildActionMask = 2147483647;
			files = (
			);
			runOnlyForDeploymentPostprocessing = 0;
		};
		895536C12CCF914300C3288B /* Sources */ = {
			isa = PBXSourcesBuildPhase;
			buildActionMask = 2147483647;
			files = (
			);
			runOnlyForDeploymentPostprocessing = 0;
		};
		895536CB2CCF914300C3288B /* Sources */ = {
			isa = PBXSourcesBuildPhase;
			buildActionMask = 2147483647;
			files = (
			);
			runOnlyForDeploymentPostprocessing = 0;
		};
		896899102CA3E61F005DFF98 /* Sources */ = {
			isa = PBXSourcesBuildPhase;
			buildActionMask = 2147483647;
			files = (
			);
			runOnlyForDeploymentPostprocessing = 0;
		};
		896899222CA3E620005DFF98 /* Sources */ = {
			isa = PBXSourcesBuildPhase;
			buildActionMask = 2147483647;
			files = (
			);
			runOnlyForDeploymentPostprocessing = 0;
		};
		8968992C2CA3E620005DFF98 /* Sources */ = {
			isa = PBXSourcesBuildPhase;
			buildActionMask = 2147483647;
			files = (
			);
			runOnlyForDeploymentPostprocessing = 0;
		};
		89A721102CD07795008F6E52 /* Sources */ = {
			isa = PBXSourcesBuildPhase;
			buildActionMask = 2147483647;
			files = (
			);
			runOnlyForDeploymentPostprocessing = 0;
		};
/* End PBXSourcesBuildPhase section */

/* Begin PBXTargetDependency section */
		895536C72CCF914300C3288B /* PBXTargetDependency */ = {
			isa = PBXTargetDependency;
			target = 895536B52CCF914000C3288B /* JustOneThingWatch Watch App */;
			targetProxy = 895536C62CCF914300C3288B /* PBXContainerItemProxy */;
		};
		895536D12CCF914300C3288B /* PBXTargetDependency */ = {
			isa = PBXTargetDependency;
			target = 895536B52CCF914000C3288B /* JustOneThingWatch Watch App */;
			targetProxy = 895536D02CCF914300C3288B /* PBXContainerItemProxy */;
		};
		896899282CA3E620005DFF98 /* PBXTargetDependency */ = {
			isa = PBXTargetDependency;
			target = 896899132CA3E61F005DFF98 /* JustOneThing */;
			targetProxy = 896899272CA3E620005DFF98 /* PBXContainerItemProxy */;
		};
		896899322CA3E620005DFF98 /* PBXTargetDependency */ = {
			isa = PBXTargetDependency;
			target = 896899132CA3E61F005DFF98 /* JustOneThing */;
			targetProxy = 896899312CA3E620005DFF98 /* PBXContainerItemProxy */;
		};
		89A721252CD07798008F6E52 /* PBXTargetDependency */ = {
			isa = PBXTargetDependency;
			target = 89A721132CD07795008F6E52 /* JustOneThingWidgetExtension */;
			targetProxy = 89A721242CD07798008F6E52 /* PBXContainerItemProxy */;
		};
/* End PBXTargetDependency section */

/* Begin XCBuildConfiguration section */
		895536D82CCF914300C3288B /* Debug */ = {
			isa = XCBuildConfiguration;
			buildSettings = {
				ASSETCATALOG_COMPILER_APPICON_NAME = AppIcon;
				ASSETCATALOG_COMPILER_GLOBAL_ACCENT_COLOR_NAME = AccentColor;
				CODE_SIGN_ENTITLEMENTS = "JustOneThingWatch Watch App/JustOneThingWatch Watch App.entitlements";
				CODE_SIGN_STYLE = Automatic;
				CURRENT_PROJECT_VERSION = 1;
				DEVELOPMENT_ASSET_PATHS = "\"JustOneThingWatch Watch App/Preview Content\"";
				DEVELOPMENT_TEAM = 9G643QLW3P;
				ENABLE_PREVIEWS = YES;
				GENERATE_INFOPLIST_FILE = YES;
				INFOPLIST_FILE = "JustOneThingWatch-Watch-App-Info.plist";
				INFOPLIST_KEY_CFBundleDisplayName = JustOneThingWatch;
				INFOPLIST_KEY_UISupportedInterfaceOrientations = "UIInterfaceOrientationPortrait UIInterfaceOrientationPortraitUpsideDown";
				INFOPLIST_KEY_WKCompanionAppBundleIdentifier = "";
				LD_RUNPATH_SEARCH_PATHS = (
					"$(inherited)",
					"@executable_path/Frameworks",
				);
				MARKETING_VERSION = 1.0;
				PRODUCT_BUNDLE_IDENTIFIER = .JustOneThingWatch;
				PRODUCT_NAME = "$(TARGET_NAME)";
				SDKROOT = watchos;
				SKIP_INSTALL = YES;
				SWIFT_EMIT_LOC_STRINGS = YES;
				SWIFT_VERSION = 5.0;
				TARGETED_DEVICE_FAMILY = 4;
				WATCHOS_DEPLOYMENT_TARGET = 11.0;
			};
			name = Debug;
		};
		895536D92CCF914300C3288B /* Release */ = {
			isa = XCBuildConfiguration;
			buildSettings = {
				ASSETCATALOG_COMPILER_APPICON_NAME = AppIcon;
				ASSETCATALOG_COMPILER_GLOBAL_ACCENT_COLOR_NAME = AccentColor;
				CODE_SIGN_ENTITLEMENTS = "JustOneThingWatch Watch App/JustOneThingWatch Watch App.entitlements";
				CODE_SIGN_STYLE = Automatic;
				CURRENT_PROJECT_VERSION = 1;
				DEVELOPMENT_ASSET_PATHS = "\"JustOneThingWatch Watch App/Preview Content\"";
				DEVELOPMENT_TEAM = 9G643QLW3P;
				ENABLE_PREVIEWS = YES;
				GENERATE_INFOPLIST_FILE = YES;
				INFOPLIST_FILE = "JustOneThingWatch-Watch-App-Info.plist";
				INFOPLIST_KEY_CFBundleDisplayName = JustOneThingWatch;
				INFOPLIST_KEY_UISupportedInterfaceOrientations = "UIInterfaceOrientationPortrait UIInterfaceOrientationPortraitUpsideDown";
				INFOPLIST_KEY_WKCompanionAppBundleIdentifier = "";
				LD_RUNPATH_SEARCH_PATHS = (
					"$(inherited)",
					"@executable_path/Frameworks",
				);
				MARKETING_VERSION = 1.0;
				PRODUCT_BUNDLE_IDENTIFIER = .JustOneThingWatch;
				PRODUCT_NAME = "$(TARGET_NAME)";
				SDKROOT = watchos;
				SKIP_INSTALL = YES;
				SWIFT_EMIT_LOC_STRINGS = YES;
				SWIFT_VERSION = 5.0;
				TARGETED_DEVICE_FAMILY = 4;
				WATCHOS_DEPLOYMENT_TARGET = 11.0;
			};
			name = Release;
		};
		895536DB2CCF914300C3288B /* Debug */ = {
			isa = XCBuildConfiguration;
			buildSettings = {
				BUNDLE_LOADER = "$(TEST_HOST)";
				CODE_SIGN_STYLE = Automatic;
				CURRENT_PROJECT_VERSION = 1;
				DEVELOPMENT_TEAM = 9G643QLW3P;
				GENERATE_INFOPLIST_FILE = YES;
				MARKETING_VERSION = 1.0;
				PRODUCT_BUNDLE_IDENTIFIER = "codes.samueljones.JustOneThingWatch-Watch-AppTests";
				PRODUCT_NAME = "$(TARGET_NAME)";
				SDKROOT = watchos;
				SWIFT_EMIT_LOC_STRINGS = NO;
				SWIFT_VERSION = 5.0;
				TARGETED_DEVICE_FAMILY = 4;
				TEST_HOST = "$(BUILT_PRODUCTS_DIR)/JustOneThingWatch Watch App.app/$(BUNDLE_EXECUTABLE_FOLDER_PATH)/JustOneThingWatch Watch App";
				WATCHOS_DEPLOYMENT_TARGET = 11.0;
			};
			name = Debug;
		};
		895536DC2CCF914300C3288B /* Release */ = {
			isa = XCBuildConfiguration;
			buildSettings = {
				BUNDLE_LOADER = "$(TEST_HOST)";
				CODE_SIGN_STYLE = Automatic;
				CURRENT_PROJECT_VERSION = 1;
				DEVELOPMENT_TEAM = 9G643QLW3P;
				GENERATE_INFOPLIST_FILE = YES;
				MARKETING_VERSION = 1.0;
				PRODUCT_BUNDLE_IDENTIFIER = "codes.samueljones.JustOneThingWatch-Watch-AppTests";
				PRODUCT_NAME = "$(TARGET_NAME)";
				SDKROOT = watchos;
				SWIFT_EMIT_LOC_STRINGS = NO;
				SWIFT_VERSION = 5.0;
				TARGETED_DEVICE_FAMILY = 4;
				TEST_HOST = "$(BUILT_PRODUCTS_DIR)/JustOneThingWatch Watch App.app/$(BUNDLE_EXECUTABLE_FOLDER_PATH)/JustOneThingWatch Watch App";
				WATCHOS_DEPLOYMENT_TARGET = 11.0;
			};
			name = Release;
		};
		895536DE2CCF914300C3288B /* Debug */ = {
			isa = XCBuildConfiguration;
			buildSettings = {
				CODE_SIGN_STYLE = Automatic;
				CURRENT_PROJECT_VERSION = 1;
				DEVELOPMENT_TEAM = 9G643QLW3P;
				GENERATE_INFOPLIST_FILE = YES;
				MARKETING_VERSION = 1.0;
				PRODUCT_BUNDLE_IDENTIFIER = "codes.samueljones.JustOneThingWatch-Watch-AppUITests";
				PRODUCT_NAME = "$(TARGET_NAME)";
				SDKROOT = watchos;
				SWIFT_EMIT_LOC_STRINGS = NO;
				SWIFT_VERSION = 5.0;
				TARGETED_DEVICE_FAMILY = 4;
				TEST_TARGET_NAME = "JustOneThingWatch Watch App";
				WATCHOS_DEPLOYMENT_TARGET = 11.0;
			};
			name = Debug;
		};
		895536DF2CCF914300C3288B /* Release */ = {
			isa = XCBuildConfiguration;
			buildSettings = {
				CODE_SIGN_STYLE = Automatic;
				CURRENT_PROJECT_VERSION = 1;
				DEVELOPMENT_TEAM = 9G643QLW3P;
				GENERATE_INFOPLIST_FILE = YES;
				MARKETING_VERSION = 1.0;
				PRODUCT_BUNDLE_IDENTIFIER = "codes.samueljones.JustOneThingWatch-Watch-AppUITests";
				PRODUCT_NAME = "$(TARGET_NAME)";
				SDKROOT = watchos;
				SWIFT_EMIT_LOC_STRINGS = NO;
				SWIFT_VERSION = 5.0;
				TARGETED_DEVICE_FAMILY = 4;
				TEST_TARGET_NAME = "JustOneThingWatch Watch App";
				WATCHOS_DEPLOYMENT_TARGET = 11.0;
			};
			name = Release;
		};
		896899382CA3E620005DFF98 /* Debug */ = {
			isa = XCBuildConfiguration;
			buildSettings = {
				ALWAYS_SEARCH_USER_PATHS = NO;
				ASSETCATALOG_COMPILER_GENERATE_SWIFT_ASSET_SYMBOL_EXTENSIONS = YES;
				CLANG_ANALYZER_NONNULL = YES;
				CLANG_ANALYZER_NUMBER_OBJECT_CONVERSION = YES_AGGRESSIVE;
				CLANG_CXX_LANGUAGE_STANDARD = "gnu++20";
				CLANG_ENABLE_MODULES = YES;
				CLANG_ENABLE_OBJC_ARC = YES;
				CLANG_ENABLE_OBJC_WEAK = YES;
				CLANG_WARN_BLOCK_CAPTURE_AUTORELEASING = YES;
				CLANG_WARN_BOOL_CONVERSION = YES;
				CLANG_WARN_COMMA = YES;
				CLANG_WARN_CONSTANT_CONVERSION = YES;
				CLANG_WARN_DEPRECATED_OBJC_IMPLEMENTATIONS = YES;
				CLANG_WARN_DIRECT_OBJC_ISA_USAGE = YES_ERROR;
				CLANG_WARN_DOCUMENTATION_COMMENTS = YES;
				CLANG_WARN_EMPTY_BODY = YES;
				CLANG_WARN_ENUM_CONVERSION = YES;
				CLANG_WARN_INFINITE_RECURSION = YES;
				CLANG_WARN_INT_CONVERSION = YES;
				CLANG_WARN_NON_LITERAL_NULL_CONVERSION = YES;
				CLANG_WARN_OBJC_IMPLICIT_RETAIN_SELF = YES;
				CLANG_WARN_OBJC_LITERAL_CONVERSION = YES;
				CLANG_WARN_OBJC_ROOT_CLASS = YES_ERROR;
				CLANG_WARN_QUOTED_INCLUDE_IN_FRAMEWORK_HEADER = YES;
				CLANG_WARN_RANGE_LOOP_ANALYSIS = YES;
				CLANG_WARN_STRICT_PROTOTYPES = YES;
				CLANG_WARN_SUSPICIOUS_MOVE = YES;
				CLANG_WARN_UNGUARDED_AVAILABILITY = YES_AGGRESSIVE;
				CLANG_WARN_UNREACHABLE_CODE = YES;
				CLANG_WARN__DUPLICATE_METHOD_MATCH = YES;
				COPY_PHASE_STRIP = NO;
				DEBUG_INFORMATION_FORMAT = dwarf;
				ENABLE_STRICT_OBJC_MSGSEND = YES;
				ENABLE_TESTABILITY = YES;
				ENABLE_USER_SCRIPT_SANDBOXING = YES;
				GCC_C_LANGUAGE_STANDARD = gnu17;
				GCC_DYNAMIC_NO_PIC = NO;
				GCC_NO_COMMON_BLOCKS = YES;
				GCC_OPTIMIZATION_LEVEL = 0;
				GCC_PREPROCESSOR_DEFINITIONS = (
					"DEBUG=1",
					"$(inherited)",
				);
				GCC_WARN_64_TO_32_BIT_CONVERSION = YES;
				GCC_WARN_ABOUT_RETURN_TYPE = YES_ERROR;
				GCC_WARN_UNDECLARED_SELECTOR = YES;
				GCC_WARN_UNINITIALIZED_AUTOS = YES_AGGRESSIVE;
				GCC_WARN_UNUSED_FUNCTION = YES;
				GCC_WARN_UNUSED_VARIABLE = YES;
				IPHONEOS_DEPLOYMENT_TARGET = 18.0;
				LOCALIZATION_PREFERS_STRING_CATALOGS = YES;
				MTL_ENABLE_DEBUG_INFO = INCLUDE_SOURCE;
				MTL_FAST_MATH = YES;
				ONLY_ACTIVE_ARCH = YES;
				SDKROOT = iphoneos;
				SWIFT_ACTIVE_COMPILATION_CONDITIONS = "DEBUG $(inherited)";
				SWIFT_EMIT_LOC_STRINGS = YES;
				SWIFT_OPTIMIZATION_LEVEL = "-Onone";
			};
			name = Debug;
		};
		896899392CA3E620005DFF98 /* Release */ = {
			isa = XCBuildConfiguration;
			buildSettings = {
				ALWAYS_SEARCH_USER_PATHS = NO;
				ASSETCATALOG_COMPILER_GENERATE_SWIFT_ASSET_SYMBOL_EXTENSIONS = YES;
				CLANG_ANALYZER_NONNULL = YES;
				CLANG_ANALYZER_NUMBER_OBJECT_CONVERSION = YES_AGGRESSIVE;
				CLANG_CXX_LANGUAGE_STANDARD = "gnu++20";
				CLANG_ENABLE_MODULES = YES;
				CLANG_ENABLE_OBJC_ARC = YES;
				CLANG_ENABLE_OBJC_WEAK = YES;
				CLANG_WARN_BLOCK_CAPTURE_AUTORELEASING = YES;
				CLANG_WARN_BOOL_CONVERSION = YES;
				CLANG_WARN_COMMA = YES;
				CLANG_WARN_CONSTANT_CONVERSION = YES;
				CLANG_WARN_DEPRECATED_OBJC_IMPLEMENTATIONS = YES;
				CLANG_WARN_DIRECT_OBJC_ISA_USAGE = YES_ERROR;
				CLANG_WARN_DOCUMENTATION_COMMENTS = YES;
				CLANG_WARN_EMPTY_BODY = YES;
				CLANG_WARN_ENUM_CONVERSION = YES;
				CLANG_WARN_INFINITE_RECURSION = YES;
				CLANG_WARN_INT_CONVERSION = YES;
				CLANG_WARN_NON_LITERAL_NULL_CONVERSION = YES;
				CLANG_WARN_OBJC_IMPLICIT_RETAIN_SELF = YES;
				CLANG_WARN_OBJC_LITERAL_CONVERSION = YES;
				CLANG_WARN_OBJC_ROOT_CLASS = YES_ERROR;
				CLANG_WARN_QUOTED_INCLUDE_IN_FRAMEWORK_HEADER = YES;
				CLANG_WARN_RANGE_LOOP_ANALYSIS = YES;
				CLANG_WARN_STRICT_PROTOTYPES = YES;
				CLANG_WARN_SUSPICIOUS_MOVE = YES;
				CLANG_WARN_UNGUARDED_AVAILABILITY = YES_AGGRESSIVE;
				CLANG_WARN_UNREACHABLE_CODE = YES;
				CLANG_WARN__DUPLICATE_METHOD_MATCH = YES;
				COPY_PHASE_STRIP = NO;
				DEBUG_INFORMATION_FORMAT = "dwarf-with-dsym";
				ENABLE_NS_ASSERTIONS = NO;
				ENABLE_STRICT_OBJC_MSGSEND = YES;
				ENABLE_USER_SCRIPT_SANDBOXING = YES;
				GCC_C_LANGUAGE_STANDARD = gnu17;
				GCC_NO_COMMON_BLOCKS = YES;
				GCC_WARN_64_TO_32_BIT_CONVERSION = YES;
				GCC_WARN_ABOUT_RETURN_TYPE = YES_ERROR;
				GCC_WARN_UNDECLARED_SELECTOR = YES;
				GCC_WARN_UNINITIALIZED_AUTOS = YES_AGGRESSIVE;
				GCC_WARN_UNUSED_FUNCTION = YES;
				GCC_WARN_UNUSED_VARIABLE = YES;
				IPHONEOS_DEPLOYMENT_TARGET = 18.0;
				LOCALIZATION_PREFERS_STRING_CATALOGS = YES;
				MTL_ENABLE_DEBUG_INFO = NO;
				MTL_FAST_MATH = YES;
				SDKROOT = iphoneos;
				SWIFT_COMPILATION_MODE = wholemodule;
				SWIFT_EMIT_LOC_STRINGS = YES;
				VALIDATE_PRODUCT = YES;
			};
			name = Release;
		};
		8968993B2CA3E620005DFF98 /* Debug */ = {
			isa = XCBuildConfiguration;
			buildSettings = {
				ASSETCATALOG_COMPILER_APPICON_NAME = AppIcon;
				ASSETCATALOG_COMPILER_GLOBAL_ACCENT_COLOR_NAME = AccentColor;
				CODE_SIGN_ENTITLEMENTS = JustOneThing/JustOneThing.entitlements;
				CODE_SIGN_STYLE = Automatic;
				CURRENT_PROJECT_VERSION = 1;
				DEVELOPMENT_ASSET_PATHS = "\"JustOneThing/Preview Content\"";
				DEVELOPMENT_TEAM = 9G643QLW3P;
				ENABLE_PREVIEWS = YES;
				GENERATE_INFOPLIST_FILE = YES;
				INFOPLIST_FILE = JustOneThing/Resources/info.plist;
				INFOPLIST_KEY_UIApplicationSceneManifest_Generation = YES;
				INFOPLIST_KEY_UIApplicationSupportsIndirectInputEvents = YES;
				INFOPLIST_KEY_UILaunchScreen_Generation = YES;
				INFOPLIST_KEY_UISupportedInterfaceOrientations_iPad = "UIInterfaceOrientationPortrait UIInterfaceOrientationPortraitUpsideDown UIInterfaceOrientationLandscapeLeft UIInterfaceOrientationLandscapeRight";
				INFOPLIST_KEY_UISupportedInterfaceOrientations_iPhone = "UIInterfaceOrientationPortrait UIInterfaceOrientationLandscapeLeft UIInterfaceOrientationLandscapeRight";
				LD_RUNPATH_SEARCH_PATHS = (
					"$(inherited)",
					"@executable_path/Frameworks",
				);
				MARKETING_VERSION = 1.0;
				PRODUCT_BUNDLE_IDENTIFIER = codes.samueljones.JustOneThing;
				PRODUCT_NAME = "$(TARGET_NAME)";
				SWIFT_EMIT_LOC_STRINGS = YES;
				SWIFT_VERSION = 5.0;
				TARGETED_DEVICE_FAMILY = "1,2";
			};
			name = Debug;
		};
		8968993C2CA3E620005DFF98 /* Release */ = {
			isa = XCBuildConfiguration;
			buildSettings = {
				ASSETCATALOG_COMPILER_APPICON_NAME = AppIcon;
				ASSETCATALOG_COMPILER_GLOBAL_ACCENT_COLOR_NAME = AccentColor;
				CODE_SIGN_ENTITLEMENTS = JustOneThing/JustOneThing.entitlements;
				CODE_SIGN_STYLE = Automatic;
				CURRENT_PROJECT_VERSION = 1;
				DEVELOPMENT_ASSET_PATHS = "\"JustOneThing/Preview Content\"";
				DEVELOPMENT_TEAM = 9G643QLW3P;
				ENABLE_PREVIEWS = YES;
				GENERATE_INFOPLIST_FILE = YES;
				INFOPLIST_FILE = JustOneThing/Resources/info.plist;
				INFOPLIST_KEY_UIApplicationSceneManifest_Generation = YES;
				INFOPLIST_KEY_UIApplicationSupportsIndirectInputEvents = YES;
				INFOPLIST_KEY_UILaunchScreen_Generation = YES;
				INFOPLIST_KEY_UISupportedInterfaceOrientations_iPad = "UIInterfaceOrientationPortrait UIInterfaceOrientationPortraitUpsideDown UIInterfaceOrientationLandscapeLeft UIInterfaceOrientationLandscapeRight";
				INFOPLIST_KEY_UISupportedInterfaceOrientations_iPhone = "UIInterfaceOrientationPortrait UIInterfaceOrientationLandscapeLeft UIInterfaceOrientationLandscapeRight";
				LD_RUNPATH_SEARCH_PATHS = (
					"$(inherited)",
					"@executable_path/Frameworks",
				);
				MARKETING_VERSION = 1.0;
				PRODUCT_BUNDLE_IDENTIFIER = codes.samueljones.JustOneThing;
				PRODUCT_NAME = "$(TARGET_NAME)";
				SWIFT_EMIT_LOC_STRINGS = YES;
				SWIFT_VERSION = 5.0;
				TARGETED_DEVICE_FAMILY = "1,2";
			};
			name = Release;
		};
		8968993E2CA3E620005DFF98 /* Debug */ = {
			isa = XCBuildConfiguration;
			buildSettings = {
				BUNDLE_LOADER = "$(TEST_HOST)";
				CODE_SIGN_STYLE = Automatic;
				CURRENT_PROJECT_VERSION = 1;
				DEVELOPMENT_TEAM = 9G643QLW3P;
				GENERATE_INFOPLIST_FILE = YES;
				IPHONEOS_DEPLOYMENT_TARGET = 18.0;
				MARKETING_VERSION = 1.0;
				PRODUCT_BUNDLE_IDENTIFIER = codes.samueljones.JustOneThingTests;
				PRODUCT_NAME = "$(TARGET_NAME)";
				SWIFT_EMIT_LOC_STRINGS = NO;
				SWIFT_VERSION = 5.0;
				TARGETED_DEVICE_FAMILY = "1,2";
				TEST_HOST = "$(BUILT_PRODUCTS_DIR)/JustOneThing.app/$(BUNDLE_EXECUTABLE_FOLDER_PATH)/JustOneThing";
			};
			name = Debug;
		};
		8968993F2CA3E620005DFF98 /* Release */ = {
			isa = XCBuildConfiguration;
			buildSettings = {
				BUNDLE_LOADER = "$(TEST_HOST)";
				CODE_SIGN_STYLE = Automatic;
				CURRENT_PROJECT_VERSION = 1;
				DEVELOPMENT_TEAM = 9G643QLW3P;
				GENERATE_INFOPLIST_FILE = YES;
				IPHONEOS_DEPLOYMENT_TARGET = 18.0;
				MARKETING_VERSION = 1.0;
				PRODUCT_BUNDLE_IDENTIFIER = codes.samueljones.JustOneThingTests;
				PRODUCT_NAME = "$(TARGET_NAME)";
				SWIFT_EMIT_LOC_STRINGS = NO;
				SWIFT_VERSION = 5.0;
				TARGETED_DEVICE_FAMILY = "1,2";
				TEST_HOST = "$(BUILT_PRODUCTS_DIR)/JustOneThing.app/$(BUNDLE_EXECUTABLE_FOLDER_PATH)/JustOneThing";
			};
			name = Release;
		};
		896899412CA3E620005DFF98 /* Debug */ = {
			isa = XCBuildConfiguration;
			buildSettings = {
				CODE_SIGN_STYLE = Automatic;
				CURRENT_PROJECT_VERSION = 1;
				DEVELOPMENT_TEAM = 9G643QLW3P;
				GENERATE_INFOPLIST_FILE = YES;
				MARKETING_VERSION = 1.0;
				PRODUCT_BUNDLE_IDENTIFIER = codes.samueljones.JustOneThingUITests;
				PRODUCT_NAME = "$(TARGET_NAME)";
				SWIFT_EMIT_LOC_STRINGS = NO;
				SWIFT_VERSION = 5.0;
				TARGETED_DEVICE_FAMILY = "1,2";
				TEST_TARGET_NAME = JustOneThing;
			};
			name = Debug;
		};
		896899422CA3E620005DFF98 /* Release */ = {
			isa = XCBuildConfiguration;
			buildSettings = {
				CODE_SIGN_STYLE = Automatic;
				CURRENT_PROJECT_VERSION = 1;
				DEVELOPMENT_TEAM = 9G643QLW3P;
				GENERATE_INFOPLIST_FILE = YES;
				MARKETING_VERSION = 1.0;
				PRODUCT_BUNDLE_IDENTIFIER = codes.samueljones.JustOneThingUITests;
				PRODUCT_NAME = "$(TARGET_NAME)";
				SWIFT_EMIT_LOC_STRINGS = NO;
				SWIFT_VERSION = 5.0;
				TARGETED_DEVICE_FAMILY = "1,2";
				TEST_TARGET_NAME = JustOneThing;
			};
			name = Release;
		};
		89A721272CD07798008F6E52 /* Debug */ = {
			isa = XCBuildConfiguration;
			buildSettings = {
				ASSETCATALOG_COMPILER_GLOBAL_ACCENT_COLOR_NAME = AccentColor;
				ASSETCATALOG_COMPILER_WIDGET_BACKGROUND_COLOR_NAME = WidgetBackground;
				CODE_SIGN_STYLE = Automatic;
				CURRENT_PROJECT_VERSION = 1;
				DEVELOPMENT_TEAM = 9G643QLW3P;
				GENERATE_INFOPLIST_FILE = YES;
				INFOPLIST_FILE = JustOneThingWidget/Info.plist;
				INFOPLIST_KEY_CFBundleDisplayName = JustOneThingWidget;
				INFOPLIST_KEY_NSHumanReadableCopyright = "";
				IPHONEOS_DEPLOYMENT_TARGET = 18.2;
				LD_RUNPATH_SEARCH_PATHS = (
					"$(inherited)",
					"@executable_path/Frameworks",
					"@executable_path/../../Frameworks",
				);
				MARKETING_VERSION = 1.0;
				PRODUCT_BUNDLE_IDENTIFIER = codes.samueljones.JustOneThing.JustOneThingWidget;
				PRODUCT_NAME = "$(TARGET_NAME)";
				SKIP_INSTALL = YES;
				SWIFT_EMIT_LOC_STRINGS = YES;
				SWIFT_VERSION = 5.0;
				TARGETED_DEVICE_FAMILY = "1,2";
			};
			name = Debug;
		};
		89A721282CD07798008F6E52 /* Release */ = {
			isa = XCBuildConfiguration;
			buildSettings = {
				ASSETCATALOG_COMPILER_GLOBAL_ACCENT_COLOR_NAME = AccentColor;
				ASSETCATALOG_COMPILER_WIDGET_BACKGROUND_COLOR_NAME = WidgetBackground;
				CODE_SIGN_STYLE = Automatic;
				CURRENT_PROJECT_VERSION = 1;
				DEVELOPMENT_TEAM = 9G643QLW3P;
				GENERATE_INFOPLIST_FILE = YES;
				INFOPLIST_FILE = JustOneThingWidget/Info.plist;
				INFOPLIST_KEY_CFBundleDisplayName = JustOneThingWidget;
				INFOPLIST_KEY_NSHumanReadableCopyright = "";
				IPHONEOS_DEPLOYMENT_TARGET = 18.2;
				LD_RUNPATH_SEARCH_PATHS = (
					"$(inherited)",
					"@executable_path/Frameworks",
					"@executable_path/../../Frameworks",
				);
				MARKETING_VERSION = 1.0;
				PRODUCT_BUNDLE_IDENTIFIER = codes.samueljones.JustOneThing.JustOneThingWidget;
				PRODUCT_NAME = "$(TARGET_NAME)";
				SKIP_INSTALL = YES;
				SWIFT_EMIT_LOC_STRINGS = YES;
				SWIFT_VERSION = 5.0;
				TARGETED_DEVICE_FAMILY = "1,2";
			};
			name = Release;
		};
/* End XCBuildConfiguration section */

/* Begin XCConfigurationList section */
		895536D72CCF914300C3288B /* Build configuration list for PBXNativeTarget "JustOneThingWatch Watch App" */ = {
			isa = XCConfigurationList;
			buildConfigurations = (
				895536D82CCF914300C3288B /* Debug */,
				895536D92CCF914300C3288B /* Release */,
			);
			defaultConfigurationIsVisible = 0;
			defaultConfigurationName = Release;
		};
		895536DA2CCF914300C3288B /* Build configuration list for PBXNativeTarget "JustOneThingWatch Watch AppTests" */ = {
			isa = XCConfigurationList;
			buildConfigurations = (
				895536DB2CCF914300C3288B /* Debug */,
				895536DC2CCF914300C3288B /* Release */,
			);
			defaultConfigurationIsVisible = 0;
			defaultConfigurationName = Release;
		};
		895536DD2CCF914300C3288B /* Build configuration list for PBXNativeTarget "JustOneThingWatch Watch AppUITests" */ = {
			isa = XCConfigurationList;
			buildConfigurations = (
				895536DE2CCF914300C3288B /* Debug */,
				895536DF2CCF914300C3288B /* Release */,
			);
			defaultConfigurationIsVisible = 0;
			defaultConfigurationName = Release;
		};
		8968990F2CA3E61F005DFF98 /* Build configuration list for PBXProject "JustOneThing" */ = {
			isa = XCConfigurationList;
			buildConfigurations = (
				896899382CA3E620005DFF98 /* Debug */,
				896899392CA3E620005DFF98 /* Release */,
			);
			defaultConfigurationIsVisible = 0;
			defaultConfigurationName = Release;
		};
		8968993A2CA3E620005DFF98 /* Build configuration list for PBXNativeTarget "JustOneThing" */ = {
			isa = XCConfigurationList;
			buildConfigurations = (
				8968993B2CA3E620005DFF98 /* Debug */,
				8968993C2CA3E620005DFF98 /* Release */,
			);
			defaultConfigurationIsVisible = 0;
			defaultConfigurationName = Release;
		};
		8968993D2CA3E620005DFF98 /* Build configuration list for PBXNativeTarget "JustOneThingTests" */ = {
			isa = XCConfigurationList;
			buildConfigurations = (
				8968993E2CA3E620005DFF98 /* Debug */,
				8968993F2CA3E620005DFF98 /* Release */,
			);
			defaultConfigurationIsVisible = 0;
			defaultConfigurationName = Release;
		};
		896899402CA3E620005DFF98 /* Build configuration list for PBXNativeTarget "JustOneThingUITests" */ = {
			isa = XCConfigurationList;
			buildConfigurations = (
				896899412CA3E620005DFF98 /* Debug */,
				896899422CA3E620005DFF98 /* Release */,
			);
			defaultConfigurationIsVisible = 0;
			defaultConfigurationName = Release;
		};
		89A721292CD07798008F6E52 /* Build configuration list for PBXNativeTarget "JustOneThingWidgetExtension" */ = {
			isa = XCConfigurationList;
			buildConfigurations = (
				89A721272CD07798008F6E52 /* Debug */,
				89A721282CD07798008F6E52 /* Release */,
			);
			defaultConfigurationIsVisible = 0;
			defaultConfigurationName = Release;
		};
/* End XCConfigurationList section */

/* Begin XCRemoteSwiftPackageReference section */
		89B2309C2CC9AD38009992B2 /* XCRemoteSwiftPackageReference "LinkDetector" */ = {
			isa = XCRemoteSwiftPackageReference;
			repositoryURL = "https://github.com/ssg406/LinkDetector.git";
			requirement = {
				branch = main;
				kind = branch;
			};
		};
/* End XCRemoteSwiftPackageReference section */

/* Begin XCSwiftPackageProductDependency section */
		894373C72CD5B86D007897D9 /* JustOneThingUI */ = {
			isa = XCSwiftPackageProductDependency;
			productName = JustOneThingUI;
		};
		894373CB2CD5B885007897D9 /* JustOneThingUI */ = {
			isa = XCSwiftPackageProductDependency;
			productName = JustOneThingUI;
		};
		894373CF2CD5B891007897D9 /* JustOneThingUI */ = {
			isa = XCSwiftPackageProductDependency;
			productName = JustOneThingUI;
		};
		89B2309D2CC9AD39009992B2 /* LinkDetector */ = {
			isa = XCSwiftPackageProductDependency;
			package = 89B2309C2CC9AD38009992B2 /* XCRemoteSwiftPackageReference "LinkDetector" */;
			productName = LinkDetector;
		};
/* End XCSwiftPackageProductDependency section */
	};
	rootObject = 8968990C2CA3E61F005DFF98 /* Project object */;
}
